
Microsoft Visual Studio Solution File, Format Version 12.00
Project("{FAE04EC0-301F-11D3-BF4B-00C04F79EFBC}") = "TestmonitorProject", "TestmonitorProject\TestmonitorProject.csproj", "{03AA262A-C580-4F4C-9D41-BB6FAA5BA332}"
EndProject
Global
	GlobalSection(SolutionConfigurationPlatforms) = preSolution
		Debug|Any CPU = Debug|Any CPU
		Release|Any CPU = Release|Any CPU
	EndGlobalSection
	GlobalSection(ProjectConfigurationPlatforms) = postSolution
		{03AA262A-C580-4F4C-9D41-BB6FAA5BA332}.Debug|Any CPU.ActiveCfg = Debug|Any CPU
		{03AA262A-C580-4F4C-9D41-BB6FAA5BA332}.Debug|Any CPU.Build.0 = Debug|Any CPU
		{03AA262A-C580-4F4C-9D41-BB6FAA5BA332}.Release|Any CPU.ActiveCfg = Release|Any CPU
		{03AA262A-C580-4F4C-9D41-BB6FAA5BA332}.Release|Any CPU.Build.0 = Release|Any CPU
	EndGlobalSection
EndGlobal
